
Microsoft Visual Studio Solution File, Format Version 12.00
# Visual Studio Version 17
VisualStudioVersion = 17.0.31903.59
MinimumVisualStudioVersion = 10.0.40219.1
Project("{2150E333-8FDC-42A3-9474-1A3956D46DE8}") = "WebAPI1", "WebAPI1", "{F3AD74C6-1919-46D3-A548-5FCBE11F2AE3}"
EndProject
Project("{FAE04EC0-301F-11D3-BF4B-00C04F79EFBC}") = "WebApplication1", "WebAPI1\WebApplication1\WebApplication1.csproj", "{46E0FF92-C7D2-41D9-AFC2-03F76564CF5E}"
EndProject
Global
	GlobalSection(SolutionConfigurationPlatforms) = preSolution
		Debug|Any CPU = Debug|Any CPU
		Release|Any CPU = Release|Any CPU
	EndGlobalSection
	GlobalSection(SolutionProperties) = preSolution
		HideSolutionNode = FALSE
	EndGlobalSection
	GlobalSection(ProjectConfigurationPlatforms) = postSolution
		{46E0FF92-C7D2-41D9-AFC2-03F76564CF5E}.Debug|Any CPU.ActiveCfg = Debug|Any CPU
		{46E0FF92-C7D2-41D9-AFC2-03F76564CF5E}.Debug|Any CPU.Build.0 = Debug|Any CPU
		{46E0FF92-C7D2-41D9-AFC2-03F76564CF5E}.Release|Any CPU.ActiveCfg = Release|Any CPU
		{46E0FF92-C7D2-41D9-AFC2-03F76564CF5E}.Release|Any CPU.Build.0 = Release|Any CPU
	EndGlobalSection
	GlobalSection(NestedProjects) = preSolution
		{46E0FF92-C7D2-41D9-AFC2-03F76564CF5E} = {F3AD74C6-1919-46D3-A548-5FCBE11F2AE3}
	EndGlobalSection
EndGlobal
